<?xml version="1.0" encoding="utf-8"?>
<Project ToolsVersion="4.0" xmlns="http://schemas.microsoft.com/developer/msbuild/2003">
  <ItemGroup>
    <Filter Include="duggoo">
      <UniqueIdentifier>{8A56A2F9-76F8-CCCF-5FB3-E0234BF45320}</UniqueIdentifier>
    </Filter>
    <Filter Include="duggoo\app">
      <UniqueIdentifier>{DAFCB918-C6B4-FB65-2FBC-D4C11B939656}</UniqueIdentifier>
    </Filter>
    <Filter Include="duggoo\events">
      <UniqueIdentifier>{4E177D1E-BAD7-F854-8312-42D2EF913D31}</UniqueIdentifier>
    </Filter>
    <Filter Include="duggoo\graphics">
      <UniqueIdentifier>{2AB6834D-9641-F111-9F52-74060B5D4D12}</UniqueIdentifier>
    </Filter>
    <Filter Include="duggoo\log">
      <UniqueIdentifier>{7B2BBA18-67E3-FB65-D0EA-D4C1BCC19656}</UniqueIdentifier>
    </Filter>
  </ItemGroup>
  <ItemGroup>
    <ClInclude Include="src\duggoo.h" />
    <ClInclude Include="src\duggoo\app\application.h">
      <Filter>duggoo\app</Filter>
    </ClInclude>
    <ClInclude Include="src\duggoo\entry_point.h">
      <Filter>duggoo</Filter>
    </ClInclude>
    <ClInclude Include="src\duggoo\events\event.h">
      <Filter>duggoo\events</Filter>
    </ClInclude>
    <ClInclude Include="src\duggoo\events\key_event.h">
      <Filter>duggoo\events</Filter>
    </ClInclude>
    <ClInclude Include="src\duggoo\events\mouse_event.h">
      <Filter>duggoo\events</Filter>
    </ClInclude>
    <ClInclude Include="src\duggoo\events\window_event.h">
      <Filter>duggoo\events</Filter>
    </ClInclude>
    <ClInclude Include="src\duggoo\graphics\graphics_entry.h">
      <Filter>duggoo\graphics</Filter>
    </ClInclude>
    <ClInclude Include="src\duggoo\graphics\window.h">
      <Filter>duggoo\graphics</Filter>
    </ClInclude>
    <ClInclude Include="src\duggoo\log\log.h">
      <Filter>duggoo\log</Filter>
    </ClInclude>
    <ClInclude Include="src\duggoo_pch.h" />
  </ItemGroup>
  <ItemGroup>
    <ClCompile Include="src\duggoo\app\application.cpp">
      <Filter>duggoo\app</Filter>
    </ClCompile>
    <ClCompile Include="src\duggoo\entry_point.cpp">
      <Filter>duggoo</Filter>
    </ClCompile>
    <ClCompile Include="src\duggoo\log\log.cpp">
      <Filter>duggoo\log</Filter>
    </ClCompile>
    <ClCompile Include="src\duggoo_pch.cpp" />
  </ItemGroup>
</Project>