<?xml version="1.0" encoding="utf-8"?>
<Project ToolsVersion="4.0" xmlns="http://schemas.microsoft.com/developer/msbuild/2003">
  <ItemGroup>
    <Filter Include="duggoo">
      <UniqueIdentifier>{8A56A2F9-76F8-CCCF-5FB3-E0234BF45320}</UniqueIdentifier>
    </Filter>
    <Filter Include="duggoo\log">
      <UniqueIdentifier>{7B2BBA18-67E3-FB65-D0EA-D4C1BCC19656}</UniqueIdentifier>
    </Filter>
  </ItemGroup>
  <ItemGroup>
    <ClInclude Include="src\duggoo.h" />
    <ClInclude Include="src\duggoo\entry_point.h">
      <Filter>duggoo</Filter>
    </ClInclude>
    <ClInclude Include="src\duggoo\log\log.h">
      <Filter>duggoo\log</Filter>
    </ClInclude>
  </ItemGroup>
  <ItemGroup>
    <ClCompile Include="src\duggoo\entry_point.cpp">
      <Filter>duggoo</Filter>
    </ClCompile>
    <ClCompile Include="src\duggoo\log\log.cpp">
      <Filter>duggoo\log</Filter>
    </ClCompile>
  </ItemGroup>
</Project>